{
  "name": "@dsifford/stylelint-config",
  "version": "0.2.0",
  "lockfileVersion": 1,
  "requires": true,
  "dependencies": {
    "stylelint-config-recommended": {
      "version": "2.2.0",
      "resolved": "https://registry.npmjs.org/stylelint-config-recommended/-/stylelint-config-recommended-2.2.0.tgz",
      "integrity": "sha512-bZ+d4RiNEfmoR74KZtCKmsABdBJr4iXRiCso+6LtMJPw5rd/KnxUWTxht7TbafrTJK1YRjNgnN0iVZaJfc3xJA=="
    },
    "stylelint-config-recommended-scss": {
      "version": "3.3.0",
      "resolved": "https://registry.npmjs.org/stylelint-config-recommended-scss/-/stylelint-config-recommended-scss-3.3.0.tgz",
      "integrity": "sha512-BvuuLYwoet8JutOP7K1a8YaiENN+0HQn390eDi0SWe1h7Uhx6O3GUQ6Ubgie9b/AmHX4Btmp+ZzVGbzriFTBcA==",
      "requires": {
        "stylelint-config-recommended": "^2.2.0"
      }
    }
  }
}
