{
  "name": "@dsifford/stylelint-config",
  "version": "0.2.0",
  "lockfileVersion": 1,
  "requires": true,
  "dependencies": {
    "stylelint-config-recommended": {
      "version": "2.1.0",
      "resolved": "https://registry.npmjs.org/stylelint-config-recommended/-/stylelint-config-recommended-2.1.0.tgz",
      "integrity": "sha512-ajMbivOD7JxdsnlS5945KYhvt7L/HwN6YeYF2BH6kE4UCLJR0YvXMf+2j7nQpJyYLZx9uZzU5G1ZOSBiWAc6yA=="
    },
    "stylelint-config-recommended-scss": {
      "version": "3.2.0",
      "resolved": "https://registry.npmjs.org/stylelint-config-recommended-scss/-/stylelint-config-recommended-scss-3.2.0.tgz",
      "integrity": "sha512-M8BFHMRf8KNz5EQPKJd8nMCGmBd2o5coDEObfHVbEkyLDgjIf1V+U5dHjaGgvhm0zToUxshxN+Gc5wpbOOew4g==",
      "requires": {
        "stylelint-config-recommended": "^2.0.0"
      }
    }
  }
}
