{
  "name": "@dsifford/stylelint-config",
  "version": "0.4.16",
  "lockfileVersion": 1,
  "requires": true,
  "dependencies": {
    "stylelint-config-recommended": {
      "version": "3.0.0",
      "resolved": "https://registry.npmjs.org/stylelint-config-recommended/-/stylelint-config-recommended-3.0.0.tgz",
      "integrity": "sha512-F6yTRuc06xr1h5Qw/ykb2LuFynJ2IxkKfCMf+1xqPffkxh0S09Zc902XCffcsw/XMFq/OzQ1w54fLIDtmRNHnQ=="
    },
    "stylelint-config-recommended-scss": {
      "version": "4.0.0",
      "resolved": "https://registry.npmjs.org/stylelint-config-recommended-scss/-/stylelint-config-recommended-scss-4.0.0.tgz",
      "integrity": "sha512-aEy0ENUrH4ASgFCu2mMcqBUAX0l4CPXg0XucJXdW+I7mdqJ7ICddkxP1eamBNBZ1QToc/wsuLmTQcalk3qYpsw==",
      "requires": {
        "stylelint-config-recommended": "^3.0.0"
      }
    }
  }
}
